
Microsoft Visual Studio Solution File, Format Version 12.00
# Visual Studio Version 17
VisualStudioVersion = 17.0.31903.59
MinimumVisualStudioVersion = 10.0.40219.1
Project("{FAE04EC0-301F-11D3-BF4B-00C04F79EFBC}") = "DotGLFW", "DotGLFW\DotGLFW.csproj", "{88837A20-EC98-4EFE-B75B-020FEC26152C}"
EndProject
Project("{FAE04EC0-301F-11D3-BF4B-00C04F79EFBC}") = "DotGLFW.Example", "DotGLFW.Example\DotGLFW.Example.csproj", "{87CF7093-59BB-4D64-9ADD-AA6FE5F94665}"
EndProject
Global
	GlobalSection(SolutionConfigurationPlatforms) = preSolution
		Debug|Any CPU = Debug|Any CPU
		Release|Any CPU = Release|Any CPU
	EndGlobalSection
	GlobalSection(SolutionProperties) = preSolution
		HideSolutionNode = FALSE
	EndGlobalSection
	GlobalSection(ProjectConfigurationPlatforms) = postSolution
		{88837A20-EC98-4EFE-B75B-020FEC26152C}.Debug|Any CPU.ActiveCfg = Debug|Any CPU
		{88837A20-EC98-4EFE-B75B-020FEC26152C}.Debug|Any CPU.Build.0 = Debug|Any CPU
		{88837A20-EC98-4EFE-B75B-020FEC26152C}.Release|Any CPU.ActiveCfg = Release|Any CPU
		{88837A20-EC98-4EFE-B75B-020FEC26152C}.Release|Any CPU.Build.0 = Release|Any CPU
		{87CF7093-59BB-4D64-9ADD-AA6FE5F94665}.Debug|Any CPU.ActiveCfg = Debug|Any CPU
		{87CF7093-59BB-4D64-9ADD-AA6FE5F94665}.Debug|Any CPU.Build.0 = Debug|Any CPU
		{87CF7093-59BB-4D64-9ADD-AA6FE5F94665}.Release|Any CPU.ActiveCfg = Release|Any CPU
		{87CF7093-59BB-4D64-9ADD-AA6FE5F94665}.Release|Any CPU.Build.0 = Release|Any CPU
	EndGlobalSection
EndGlobal
